
Microsoft Visual Studio Solution File, Format Version 12.00
# Visual Studio Version 17
VisualStudioVersion = 17.14.36414.22 d17.14
MinimumVisualStudioVersion = 10.0.40219.1
Project("{FAE04EC0-301F-11D3-BF4B-00C04F79EFBC}") = "smart_stock", "smart_stock.csproj", "{B4A8E631-9FA2-4149-8428-F67F2ADF7106}"
EndProject
Global
	GlobalSection(SolutionConfigurationPlatforms) = preSolution
		Debug|Any CPU = Debug|Any CPU
		Release|Any CPU = Release|Any CPU
	EndGlobalSection
	GlobalSection(ProjectConfigurationPlatforms) = postSolution
		{B4A8E631-9FA2-4149-8428-F67F2ADF7106}.Debug|Any CPU.ActiveCfg = Debug|Any CPU
		{B4A8E631-9FA2-4149-8428-F67F2ADF7106}.Debug|Any CPU.Build.0 = Debug|Any CPU
		{B4A8E631-9FA2-4149-8428-F67F2ADF7106}.Release|Any CPU.ActiveCfg = Release|Any CPU
		{B4A8E631-9FA2-4149-8428-F67F2ADF7106}.Release|Any CPU.Build.0 = Release|Any CPU
	EndGlobalSection
	GlobalSection(SolutionProperties) = preSolution
		HideSolutionNode = FALSE
	EndGlobalSection
	GlobalSection(ExtensibilityGlobals) = postSolution
		SolutionGuid = {49CBBD2C-D38B-46CB-9A10-9FB457A76C88}
	EndGlobalSection
EndGlobal
